{
  "name": "tsee",
  "version": "1.3.0",
  "lockfileVersion": 1,
  "requires": true,
  "dependencies": {
    "@types/node": {
      "version": "12.7.2",
      "resolved": "https://registry.npmjs.org/@types/node/-/node-12.7.2.tgz",
      "integrity": "sha512-dyYO+f6ihZEtNPDcWNR1fkoTDf3zAK3lAABDze3mz6POyIercH0lEUawUFXlG8xaQZmm1yEBON/4TsYv/laDYg=="
    },
    "tsargs": {
      "version": "1.4.0",
      "resolved": "https://registry.npmjs.org/tsargs/-/tsargs-1.4.0.tgz",
      "integrity": "sha512-ml6SzWtY/fg1TUiQ33ingoUQXW16moiX07nOxF/v7I1ngMUzxb0Ii1rQ1nUh3noAyPQxrYIb0GLWDjImTJ9D2Q=="
    },
    "typescript": {
      "version": "3.6.2",
      "resolved": "https://registry.npmjs.org/typescript/-/typescript-3.6.2.tgz",
      "integrity": "sha512-lmQ4L+J6mnu3xweP8+rOrUwzmN+MRAj7TgtJtDaXE5PMyX2kCrklhg3rvOsOIfNeAWMQWO2F1GPc1kMD2vLAfw==",
      "dev": true
    }
  }
}
